// !$*UTF8*$!
{
	archiveVersion = 1;
	classes = {
	};
	objectVersion = 50;
	objects = {

/* Begin PBXBuildFile section */
		23E05B78E59659429042E15F /* Pods_TvFootballUITests.framework in Frameworks */ = {isa = PBXBuildFile; fileRef = 91164E89C94D1A29849A06B8 /* Pods_TvFootballUITests.framework */; };
		84013E50211B423900DB6F45 /* MatchRow.swift in Sources */ = {isa = PBXBuildFile; fileRef = 84013E4E211B423900DB6F45 /* MatchRow.swift */; };
		84013E51211B423900DB6F45 /* MatchRow.xib in Resources */ = {isa = PBXBuildFile; fileRef = 84013E4F211B423900DB6F45 /* MatchRow.xib */; };
		84013E53211B470C00DB6F45 /* LiveMatchesVC.swift in Sources */ = {isa = PBXBuildFile; fileRef = 84013E52211B470C00DB6F45 /* LiveMatchesVC.swift */; };
		84F0E1C7211B60C900485ABE /* ExtensionHelper.swift in Sources */ = {isa = PBXBuildFile; fileRef = 84F0E1C6211B60C900485ABE /* ExtensionHelper.swift */; };
		84F16FCD211C8C190027DA75 /* StreamLinksVC.swift in Sources */ = {isa = PBXBuildFile; fileRef = 84F16FCC211C8C190027DA75 /* StreamLinksVC.swift */; };
		9555EE65230EACC14AF3982D /* Pods_TvFootballTests.framework in Frameworks */ = {isa = PBXBuildFile; fileRef = 414F52925936404B48A087EA /* Pods_TvFootballTests.framework */; };
		9E6FCD3D2119AACB0059DDE0 /* AppDelegate.swift in Sources */ = {isa = PBXBuildFile; fileRef = 9E6FCD3C2119AACB0059DDE0 /* AppDelegate.swift */; };
		9E6FCD442119AACD0059DDE0 /* Assets.xcassets in Resources */ = {isa = PBXBuildFile; fileRef = 9E6FCD432119AACD0059DDE0 /* Assets.xcassets */; };
		9E6FCD522119AACD0059DDE0 /* TvFootballTests.swift in Sources */ = {isa = PBXBuildFile; fileRef = 9E6FCD512119AACD0059DDE0 /* TvFootballTests.swift */; };
		9E6FCD5D2119AACD0059DDE0 /* TvFootballUITests.swift in Sources */ = {isa = PBXBuildFile; fileRef = 9E6FCD5C2119AACD0059DDE0 /* TvFootballUITests.swift */; };
		9EDFA382211AA6A00019E321 /* DataManager.swift in Sources */ = {isa = PBXBuildFile; fileRef = 9EDFA381211AA6A00019E321 /* DataManager.swift */; };
		9EDFA387211ACBBF0019E321 /* LaunchScreen.storyboard in Resources */ = {isa = PBXBuildFile; fileRef = 9EDFA383211ACBBF0019E321 /* LaunchScreen.storyboard */; };
		9EDFA388211ACBBF0019E321 /* Main.storyboard in Resources */ = {isa = PBXBuildFile; fileRef = 9EDFA385211ACBBF0019E321 /* Main.storyboard */; };
		9EDFA38A211AF4CF0019E321 /* LiveMatch.swift in Sources */ = {isa = PBXBuildFile; fileRef = 9EDFA389211AF4CF0019E321 /* LiveMatch.swift */; };
		9EDFA38C211AF5890019E321 /* HTTPDelegate.swift in Sources */ = {isa = PBXBuildFile; fileRef = 9EDFA38B211AF5890019E321 /* HTTPDelegate.swift */; };
		9EDFA390211AF9E60019E321 /* TvFootballVC.swift in Sources */ = {isa = PBXBuildFile; fileRef = 9EDFA38F211AF9E60019E321 /* TvFootballVC.swift */; };
		9EDFA394211B08010019E321 /* FixtureVC.swift in Sources */ = {isa = PBXBuildFile; fileRef = 9EDFA393211B08010019E321 /* FixtureVC.swift */; };
		C3049BE85A5B85CD51B0462B /* Pods_TvFootball.framework in Frameworks */ = {isa = PBXBuildFile; fileRef = B446CE1085134A192A6D8B59 /* Pods_TvFootball.framework */; };
/* End PBXBuildFile section */

/* Begin PBXContainerItemProxy section */
		9E6FCD4E2119AACD0059DDE0 /* PBXContainerItemProxy */ = {
			isa = PBXContainerItemProxy;
			containerPortal = 9E6FCD312119AACB0059DDE0 /* Project object */;
			proxyType = 1;
			remoteGlobalIDString = 9E6FCD382119AACB0059DDE0;
			remoteInfo = TvFootball;
		};
		9E6FCD592119AACD0059DDE0 /* PBXContainerItemProxy */ = {
			isa = PBXContainerItemProxy;
			containerPortal = 9E6FCD312119AACB0059DDE0 /* Project object */;
			proxyType = 1;
			remoteGlobalIDString = 9E6FCD382119AACB0059DDE0;
			remoteInfo = TvFootball;
		};
/* End PBXContainerItemProxy section */

/* Begin PBXFileReference section */
		15A5B226219DA4F8EA0803E5 /* Pods-TvFootballUITests.debug.xcconfig */ = {isa = PBXFileReference; includeInIndex = 1; lastKnownFileType = text.xcconfig; name = "Pods-TvFootballUITests.debug.xcconfig"; path = "Pods/Target Support Files/Pods-TvFootballUITests/Pods-TvFootballUITests.debug.xcconfig"; sourceTree = "<group>"; };
		2004F18276C56265B02A38A9 /* Pods-TvFootballTests.release.xcconfig */ = {isa = PBXFileReference; includeInIndex = 1; lastKnownFileType = text.xcconfig; name = "Pods-TvFootballTests.release.xcconfig"; path = "Pods/Target Support Files/Pods-TvFootballTests/Pods-TvFootballTests.release.xcconfig"; sourceTree = "<group>"; };
		414F52925936404B48A087EA /* Pods_TvFootballTests.framework */ = {isa = PBXFileReference; explicitFileType = wrapper.framework; includeInIndex = 0; path = Pods_TvFootballTests.framework; sourceTree = BUILT_PRODUCTS_DIR; };
		591042D06ED4FF8D3701F437 /* Pods-TvFootballUITests.release.xcconfig */ = {isa = PBXFileReference; includeInIndex = 1; lastKnownFileType = text.xcconfig; name = "Pods-TvFootballUITests.release.xcconfig"; path = "Pods/Target Support Files/Pods-TvFootballUITests/Pods-TvFootballUITests.release.xcconfig"; sourceTree = "<group>"; };
		64F6E99BB15C56752C14A34C /* Pods-TvFootballTests.debug.xcconfig */ = {isa = PBXFileReference; includeInIndex = 1; lastKnownFileType = text.xcconfig; name = "Pods-TvFootballTests.debug.xcconfig"; path = "Pods/Target Support Files/Pods-TvFootballTests/Pods-TvFootballTests.debug.xcconfig"; sourceTree = "<group>"; };
		7A1D574ED345E218BEF7D249 /* Pods-TvFootball.release.xcconfig */ = {isa = PBXFileReference; includeInIndex = 1; lastKnownFileType = text.xcconfig; name = "Pods-TvFootball.release.xcconfig"; path = "Pods/Target Support Files/Pods-TvFootball/Pods-TvFootball.release.xcconfig"; sourceTree = "<group>"; };
		84013E4E211B423900DB6F45 /* MatchRow.swift */ = {isa = PBXFileReference; lastKnownFileType = sourcecode.swift; path = MatchRow.swift; sourceTree = "<group>"; };
		84013E4F211B423900DB6F45 /* MatchRow.xib */ = {isa = PBXFileReference; lastKnownFileType = file.xib; path = MatchRow.xib; sourceTree = "<group>"; };
		84013E52211B470C00DB6F45 /* LiveMatchesVC.swift */ = {isa = PBXFileReference; lastKnownFileType = sourcecode.swift; path = LiveMatchesVC.swift; sourceTree = "<group>"; };
		84F0E1C6211B60C900485ABE /* ExtensionHelper.swift */ = {isa = PBXFileReference; lastKnownFileType = sourcecode.swift; path = ExtensionHelper.swift; sourceTree = "<group>"; };
		84F16FCC211C8C190027DA75 /* StreamLinksVC.swift */ = {isa = PBXFileReference; lastKnownFileType = sourcecode.swift; path = StreamLinksVC.swift; sourceTree = "<group>"; };
		91164E89C94D1A29849A06B8 /* Pods_TvFootballUITests.framework */ = {isa = PBXFileReference; explicitFileType = wrapper.framework; includeInIndex = 0; path = Pods_TvFootballUITests.framework; sourceTree = BUILT_PRODUCTS_DIR; };
		9E6FCD392119AACB0059DDE0 /* TvFootball.app */ = {isa = PBXFileReference; explicitFileType = wrapper.application; includeInIndex = 0; path = TvFootball.app; sourceTree = BUILT_PRODUCTS_DIR; };
		9E6FCD3C2119AACB0059DDE0 /* AppDelegate.swift */ = {isa = PBXFileReference; lastKnownFileType = sourcecode.swift; path = AppDelegate.swift; sourceTree = "<group>"; };
		9E6FCD432119AACD0059DDE0 /* Assets.xcassets */ = {isa = PBXFileReference; lastKnownFileType = folder.assetcatalog; path = Assets.xcassets; sourceTree = "<group>"; };
		9E6FCD482119AACD0059DDE0 /* Info.plist */ = {isa = PBXFileReference; lastKnownFileType = text.plist.xml; path = Info.plist; sourceTree = "<group>"; };
		9E6FCD4D2119AACD0059DDE0 /* TvFootballTests.xctest */ = {isa = PBXFileReference; explicitFileType = wrapper.cfbundle; includeInIndex = 0; path = TvFootballTests.xctest; sourceTree = BUILT_PRODUCTS_DIR; };
		9E6FCD512119AACD0059DDE0 /* TvFootballTests.swift */ = {isa = PBXFileReference; lastKnownFileType = sourcecode.swift; path = TvFootballTests.swift; sourceTree = "<group>"; };
		9E6FCD532119AACD0059DDE0 /* Info.plist */ = {isa = PBXFileReference; lastKnownFileType = text.plist.xml; path = Info.plist; sourceTree = "<group>"; };
		9E6FCD582119AACD0059DDE0 /* TvFootballUITests.xctest */ = {isa = PBXFileReference; explicitFileType = wrapper.cfbundle; includeInIndex = 0; path = TvFootballUITests.xctest; sourceTree = BUILT_PRODUCTS_DIR; };
		9E6FCD5C2119AACD0059DDE0 /* TvFootballUITests.swift */ = {isa = PBXFileReference; lastKnownFileType = sourcecode.swift; path = TvFootballUITests.swift; sourceTree = "<group>"; };
		9E6FCD5E2119AACD0059DDE0 /* Info.plist */ = {isa = PBXFileReference; lastKnownFileType = text.plist.xml; path = Info.plist; sourceTree = "<group>"; };
		9EDFA381211AA6A00019E321 /* DataManager.swift */ = {isa = PBXFileReference; lastKnownFileType = sourcecode.swift; path = DataManager.swift; sourceTree = "<group>"; };
		9EDFA384211ACBBF0019E321 /* Base */ = {isa = PBXFileReference; lastKnownFileType = file.storyboard; name = Base; path = Base.lproj/LaunchScreen.storyboard; sourceTree = "<group>"; };
		9EDFA386211ACBBF0019E321 /* Base */ = {isa = PBXFileReference; lastKnownFileType = file.storyboard; name = Base; path = Base.lproj/Main.storyboard; sourceTree = "<group>"; };
		9EDFA389211AF4CF0019E321 /* LiveMatch.swift */ = {isa = PBXFileReference; lastKnownFileType = sourcecode.swift; path = LiveMatch.swift; sourceTree = "<group>"; };
		9EDFA38B211AF5890019E321 /* HTTPDelegate.swift */ = {isa = PBXFileReference; lastKnownFileType = sourcecode.swift; path = HTTPDelegate.swift; sourceTree = "<group>"; };
		9EDFA38F211AF9E60019E321 /* TvFootballVC.swift */ = {isa = PBXFileReference; lastKnownFileType = sourcecode.swift; path = TvFootballVC.swift; sourceTree = "<group>"; };
		9EDFA393211B08010019E321 /* FixtureVC.swift */ = {isa = PBXFileReference; lastKnownFileType = sourcecode.swift; path = FixtureVC.swift; sourceTree = "<group>"; };
		B446CE1085134A192A6D8B59 /* Pods_TvFootball.framework */ = {isa = PBXFileReference; explicitFileType = wrapper.framework; includeInIndex = 0; path = Pods_TvFootball.framework; sourceTree = BUILT_PRODUCTS_DIR; };
		F1BC835DECC456B78614AA12 /* Pods-TvFootball.debug.xcconfig */ = {isa = PBXFileReference; includeInIndex = 1; lastKnownFileType = text.xcconfig; name = "Pods-TvFootball.debug.xcconfig"; path = "Pods/Target Support Files/Pods-TvFootball/Pods-TvFootball.debug.xcconfig"; sourceTree = "<group>"; };
/* End PBXFileReference section */

/* Begin PBXFrameworksBuildPhase section */
		9E6FCD362119AACB0059DDE0 /* Frameworks */ = {
			isa = PBXFrameworksBuildPhase;
			buildActionMask = 2147483647;
			files = (
				C3049BE85A5B85CD51B0462B /* Pods_TvFootball.framework in Frameworks */,
			);
			runOnlyForDeploymentPostprocessing = 0;
		};
		9E6FCD4A2119AACD0059DDE0 /* Frameworks */ = {
			isa = PBXFrameworksBuildPhase;
			buildActionMask = 2147483647;
			files = (
				9555EE65230EACC14AF3982D /* Pods_TvFootballTests.framework in Frameworks */,
			);
			runOnlyForDeploymentPostprocessing = 0;
		};
		9E6FCD552119AACD0059DDE0 /* Frameworks */ = {
			isa = PBXFrameworksBuildPhase;
			buildActionMask = 2147483647;
			files = (
				23E05B78E59659429042E15F /* Pods_TvFootballUITests.framework in Frameworks */,
			);
			runOnlyForDeploymentPostprocessing = 0;
		};
/* End PBXFrameworksBuildPhase section */

/* Begin PBXGroup section */
		319E0DC8DE32B5D70DC29D01 /* Pods */ = {
			isa = PBXGroup;
			children = (
				F1BC835DECC456B78614AA12 /* Pods-TvFootball.debug.xcconfig */,
				7A1D574ED345E218BEF7D249 /* Pods-TvFootball.release.xcconfig */,
				64F6E99BB15C56752C14A34C /* Pods-TvFootballTests.debug.xcconfig */,
				2004F18276C56265B02A38A9 /* Pods-TvFootballTests.release.xcconfig */,
				15A5B226219DA4F8EA0803E5 /* Pods-TvFootballUITests.debug.xcconfig */,
				591042D06ED4FF8D3701F437 /* Pods-TvFootballUITests.release.xcconfig */,
			);
			name = Pods;
			sourceTree = "<group>";
		};
		84013E49211B3E2F00DB6F45 /* View */ = {
			isa = PBXGroup;
			children = (
				84013E4E211B423900DB6F45 /* MatchRow.swift */,
				84013E4F211B423900DB6F45 /* MatchRow.xib */,
			);
			path = View;
			sourceTree = "<group>";
		};
		84F0E1C5211B60A100485ABE /* Helper */ = {
			isa = PBXGroup;
			children = (
				84F0E1C6211B60C900485ABE /* ExtensionHelper.swift */,
			);
			path = Helper;
			sourceTree = "<group>";
		};
		9E6FCD302119AACB0059DDE0 = {
			isa = PBXGroup;
			children = (
				9E6FCD3B2119AACB0059DDE0 /* TvFootball */,
				9E6FCD502119AACD0059DDE0 /* TvFootballTests */,
				9E6FCD5B2119AACD0059DDE0 /* TvFootballUITests */,
				9E6FCD3A2119AACB0059DDE0 /* Products */,
				319E0DC8DE32B5D70DC29D01 /* Pods */,
				D994376446F4B0D961283227 /* Frameworks */,
			);
			sourceTree = "<group>";
		};
		9E6FCD3A2119AACB0059DDE0 /* Products */ = {
			isa = PBXGroup;
			children = (
				9E6FCD392119AACB0059DDE0 /* TvFootball.app */,
				9E6FCD4D2119AACD0059DDE0 /* TvFootballTests.xctest */,
				9E6FCD582119AACD0059DDE0 /* TvFootballUITests.xctest */,
			);
			name = Products;
			sourceTree = "<group>";
		};
		9E6FCD3B2119AACB0059DDE0 /* TvFootball */ = {
			isa = PBXGroup;
			children = (
				84F0E1C5211B60A100485ABE /* Helper */,
				9EDFA3772119B1830019E321 /* Model */,
				84013E49211B3E2F00DB6F45 /* View */,
				9EDFA3792119B19E0019E321 /* Controller */,
				9E6FCD3C2119AACB0059DDE0 /* AppDelegate.swift */,
				9EDFA383211ACBBF0019E321 /* LaunchScreen.storyboard */,
				9EDFA385211ACBBF0019E321 /* Main.storyboard */,
				9E6FCD432119AACD0059DDE0 /* Assets.xcassets */,
				9E6FCD482119AACD0059DDE0 /* Info.plist */,
			);
			path = TvFootball;
			sourceTree = "<group>";
		};
		9E6FCD502119AACD0059DDE0 /* TvFootballTests */ = {
			isa = PBXGroup;
			children = (
				9E6FCD512119AACD0059DDE0 /* TvFootballTests.swift */,
				9E6FCD532119AACD0059DDE0 /* Info.plist */,
			);
			path = TvFootballTests;
			sourceTree = "<group>";
		};
		9E6FCD5B2119AACD0059DDE0 /* TvFootballUITests */ = {
			isa = PBXGroup;
			children = (
				9E6FCD5C2119AACD0059DDE0 /* TvFootballUITests.swift */,
				9E6FCD5E2119AACD0059DDE0 /* Info.plist */,
			);
			path = TvFootballUITests;
			sourceTree = "<group>";
		};
		9EDFA3772119B1830019E321 /* Model */ = {
			isa = PBXGroup;
			children = (
				9EDFA381211AA6A00019E321 /* DataManager.swift */,
				9EDFA38B211AF5890019E321 /* HTTPDelegate.swift */,
				9EDFA389211AF4CF0019E321 /* LiveMatch.swift */,
			);
			path = Model;
			sourceTree = "<group>";
		};
		9EDFA3792119B19E0019E321 /* Controller */ = {
			isa = PBXGroup;
			children = (
				9EDFA38F211AF9E60019E321 /* TvFootballVC.swift */,
				9EDFA393211B08010019E321 /* FixtureVC.swift */,
				84013E52211B470C00DB6F45 /* LiveMatchesVC.swift */,
				84F16FCC211C8C190027DA75 /* StreamLinksVC.swift */,
			);
			path = Controller;
			sourceTree = "<group>";
		};
		D994376446F4B0D961283227 /* Frameworks */ = {
			isa = PBXGroup;
			children = (
				B446CE1085134A192A6D8B59 /* Pods_TvFootball.framework */,
				414F52925936404B48A087EA /* Pods_TvFootballTests.framework */,
				91164E89C94D1A29849A06B8 /* Pods_TvFootballUITests.framework */,
			);
			name = Frameworks;
			sourceTree = "<group>";
		};
/* End PBXGroup section */

/* Begin PBXNativeTarget section */
		9E6FCD382119AACB0059DDE0 /* TvFootball */ = {
			isa = PBXNativeTarget;
			buildConfigurationList = 9E6FCD612119AACD0059DDE0 /* Build configuration list for PBXNativeTarget "TvFootball" */;
			buildPhases = (
				AE5B3D459F236C9BDD82CA55 /* [CP] Check Pods Manifest.lock */,
				9E6FCD352119AACB0059DDE0 /* Sources */,
				9E6FCD362119AACB0059DDE0 /* Frameworks */,
				9E6FCD372119AACB0059DDE0 /* Resources */,
				08AE4F894A98833C841C0A16 /* [CP] Embed Pods Frameworks */,
			);
			buildRules = (
			);
			dependencies = (
			);
			name = TvFootball;
			productName = TvFootball;
			productReference = 9E6FCD392119AACB0059DDE0 /* TvFootball.app */;
			productType = "com.apple.product-type.application";
		};
		9E6FCD4C2119AACD0059DDE0 /* TvFootballTests */ = {
			isa = PBXNativeTarget;
			buildConfigurationList = 9E6FCD642119AACD0059DDE0 /* Build configuration list for PBXNativeTarget "TvFootballTests" */;
			buildPhases = (
				693C42B273C72607A3FCE8BF /* [CP] Check Pods Manifest.lock */,
				9E6FCD492119AACD0059DDE0 /* Sources */,
				9E6FCD4A2119AACD0059DDE0 /* Frameworks */,
				9E6FCD4B2119AACD0059DDE0 /* Resources */,
			);
			buildRules = (
			);
			dependencies = (
				9E6FCD4F2119AACD0059DDE0 /* PBXTargetDependency */,
			);
			name = TvFootballTests;
			productName = TvFootballTests;
			productReference = 9E6FCD4D2119AACD0059DDE0 /* TvFootballTests.xctest */;
			productType = "com.apple.product-type.bundle.unit-test";
		};
		9E6FCD572119AACD0059DDE0 /* TvFootballUITests */ = {
			isa = PBXNativeTarget;
			buildConfigurationList = 9E6FCD672119AACD0059DDE0 /* Build configuration list for PBXNativeTarget "TvFootballUITests" */;
			buildPhases = (
				90C4E720D60DAE8040185A2A /* [CP] Check Pods Manifest.lock */,
				9E6FCD542119AACD0059DDE0 /* Sources */,
				9E6FCD552119AACD0059DDE0 /* Frameworks */,
				9E6FCD562119AACD0059DDE0 /* Resources */,
			);
			buildRules = (
			);
			dependencies = (
				9E6FCD5A2119AACD0059DDE0 /* PBXTargetDependency */,
			);
			name = TvFootballUITests;
			productName = TvFootballUITests;
			productReference = 9E6FCD582119AACD0059DDE0 /* TvFootballUITests.xctest */;
			productType = "com.apple.product-type.bundle.ui-testing";
		};
/* End PBXNativeTarget section */

/* Begin PBXProject section */
		9E6FCD312119AACB0059DDE0 /* Project object */ = {
			isa = PBXProject;
			attributes = {
				LastSwiftUpdateCheck = 0940;
				LastUpgradeCheck = 0940;
				ORGANIZATIONNAME = "Le Tien An";
				TargetAttributes = {
					9E6FCD382119AACB0059DDE0 = {
						CreatedOnToolsVersion = 9.4.1;
					};
					9E6FCD4C2119AACD0059DDE0 = {
						CreatedOnToolsVersion = 9.4.1;
						TestTargetID = 9E6FCD382119AACB0059DDE0;
					};
					9E6FCD572119AACD0059DDE0 = {
						CreatedOnToolsVersion = 9.4.1;
						TestTargetID = 9E6FCD382119AACB0059DDE0;
					};
				};
			};
			buildConfigurationList = 9E6FCD342119AACB0059DDE0 /* Build configuration list for PBXProject "TvFootball" */;
			compatibilityVersion = "Xcode 9.3";
			developmentRegion = en;
			hasScannedForEncodings = 0;
			knownRegions = (
				Base,
			);
			mainGroup = 9E6FCD302119AACB0059DDE0;
			productRefGroup = 9E6FCD3A2119AACB0059DDE0 /* Products */;
			projectDirPath = "";
			projectRoot = "";
			targets = (
				9E6FCD382119AACB0059DDE0 /* TvFootball */,
				9E6FCD4C2119AACD0059DDE0 /* TvFootballTests */,
				9E6FCD572119AACD0059DDE0 /* TvFootballUITests */,
			);
		};
/* End PBXProject section */

/* Begin PBXResourcesBuildPhase section */
		9E6FCD372119AACB0059DDE0 /* Resources */ = {
			isa = PBXResourcesBuildPhase;
			buildActionMask = 2147483647;
			files = (
				9EDFA388211ACBBF0019E321 /* Main.storyboard in Resources */,
				9E6FCD442119AACD0059DDE0 /* Assets.xcassets in Resources */,
				84013E51211B423900DB6F45 /* MatchRow.xib in Resources */,
				9EDFA387211ACBBF0019E321 /* LaunchScreen.storyboard in Resources */,
			);
			runOnlyForDeploymentPostprocessing = 0;
		};
		9E6FCD4B2119AACD0059DDE0 /* Resources */ = {
			isa = PBXResourcesBuildPhase;
			buildActionMask = 2147483647;
			files = (
			);
			runOnlyForDeploymentPostprocessing = 0;
		};
		9E6FCD562119AACD0059DDE0 /* Resources */ = {
			isa = PBXResourcesBuildPhase;
			buildActionMask = 2147483647;
			files = (
			);
			runOnlyForDeploymentPostprocessing = 0;
		};
/* End PBXResourcesBuildPhase section */

/* Begin PBXShellScriptBuildPhase section */
		08AE4F894A98833C841C0A16 /* [CP] Embed Pods Frameworks */ = {
			isa = PBXShellScriptBuildPhase;
			buildActionMask = 2147483647;
			files = (
			);
			inputPaths = (
				"${SRCROOT}/Pods/Target Support Files/Pods-TvFootball/Pods-TvFootball-frameworks.sh",
				"${BUILT_PRODUCTS_DIR}/Alamofire/Alamofire.framework",
				"${BUILT_PRODUCTS_DIR}/AlamofireImage/AlamofireImage.framework",
				"${BUILT_PRODUCTS_DIR}/CRRefresh/CRRefresh.framework",
				"${BUILT_PRODUCTS_DIR}/FontAwesome.swift/FontAwesome_swift.framework",
				"${BUILT_PRODUCTS_DIR}/MobilePlayer/MobilePlayer.framework",
				"${BUILT_PRODUCTS_DIR}/SwiftyJSON/SwiftyJSON.framework",
				"${BUILT_PRODUCTS_DIR}/VegaScrollFlowLayout/VegaScrollFlowLayout.framework",
			);
			name = "[CP] Embed Pods Frameworks";
			outputPaths = (
				"${TARGET_BUILD_DIR}/${FRAMEWORKS_FOLDER_PATH}/Alamofire.framework",
				"${TARGET_BUILD_DIR}/${FRAMEWORKS_FOLDER_PATH}/AlamofireImage.framework",
				"${TARGET_BUILD_DIR}/${FRAMEWORKS_FOLDER_PATH}/CRRefresh.framework",
				"${TARGET_BUILD_DIR}/${FRAMEWORKS_FOLDER_PATH}/FontAwesome_swift.framework",
				"${TARGET_BUILD_DIR}/${FRAMEWORKS_FOLDER_PATH}/MobilePlayer.framework",
				"${TARGET_BUILD_DIR}/${FRAMEWORKS_FOLDER_PATH}/SwiftyJSON.framework",
				"${TARGET_BUILD_DIR}/${FRAMEWORKS_FOLDER_PATH}/VegaScrollFlowLayout.framework",
			);
			runOnlyForDeploymentPostprocessing = 0;
			shellPath = /bin/sh;
			shellScript = "\"${SRCROOT}/Pods/Target Support Files/Pods-TvFootball/Pods-TvFootball-frameworks.sh\"\n";
			showEnvVarsInLog = 0;
		};
		693C42B273C72607A3FCE8BF /* [CP] Check Pods Manifest.lock */ = {
			isa = PBXShellScriptBuildPhase;
			buildActionMask = 2147483647;
			files = (
			);
			inputPaths = (
				"${PODS_PODFILE_DIR_PATH}/Podfile.lock",
				"${PODS_ROOT}/Manifest.lock",
			);
			name = "[CP] Check Pods Manifest.lock";
			outputPaths = (
				"$(DERIVED_FILE_DIR)/Pods-TvFootballTests-checkManifestLockResult.txt",
			);
			runOnlyForDeploymentPostprocessing = 0;
			shellPath = /bin/sh;
			shellScript = "diff \"${PODS_PODFILE_DIR_PATH}/Podfile.lock\" \"${PODS_ROOT}/Manifest.lock\" > /dev/null\nif [ $? != 0 ] ; then\n    # print error to STDERR\n    echo \"error: The sandbox is not in sync with the Podfile.lock. Run 'pod install' or update your CocoaPods installation.\" >&2\n    exit 1\nfi\n# This output is used by Xcode 'outputs' to avoid re-running this script phase.\necho \"SUCCESS\" > \"${SCRIPT_OUTPUT_FILE_0}\"\n";
			showEnvVarsInLog = 0;
		};
		90C4E720D60DAE8040185A2A /* [CP] Check Pods Manifest.lock */ = {
			isa = PBXShellScriptBuildPhase;
			buildActionMask = 2147483647;
			files = (
			);
			inputPaths = (
				"${PODS_PODFILE_DIR_PATH}/Podfile.lock",
				"${PODS_ROOT}/Manifest.lock",
			);
			name = "[CP] Check Pods Manifest.lock";
			outputPaths = (
				"$(DERIVED_FILE_DIR)/Pods-TvFootballUITests-checkManifestLockResult.txt",
			);
			runOnlyForDeploymentPostprocessing = 0;
			shellPath = /bin/sh;
			shellScript = "diff \"${PODS_PODFILE_DIR_PATH}/Podfile.lock\" \"${PODS_ROOT}/Manifest.lock\" > /dev/null\nif [ $? != 0 ] ; then\n    # print error to STDERR\n    echo \"error: The sandbox is not in sync with the Podfile.lock. Run 'pod install' or update your CocoaPods installation.\" >&2\n    exit 1\nfi\n# This output is used by Xcode 'outputs' to avoid re-running this script phase.\necho \"SUCCESS\" > \"${SCRIPT_OUTPUT_FILE_0}\"\n";
			showEnvVarsInLog = 0;
		};
		AE5B3D459F236C9BDD82CA55 /* [CP] Check Pods Manifest.lock */ = {
			isa = PBXShellScriptBuildPhase;
			buildActionMask = 2147483647;
			files = (
			);
			inputPaths = (
				"${PODS_PODFILE_DIR_PATH}/Podfile.lock",
				"${PODS_ROOT}/Manifest.lock",
			);
			name = "[CP] Check Pods Manifest.lock";
			outputPaths = (
				"$(DERIVED_FILE_DIR)/Pods-TvFootball-checkManifestLockResult.txt",
			);
			runOnlyForDeploymentPostprocessing = 0;
			shellPath = /bin/sh;
			shellScript = "diff \"${PODS_PODFILE_DIR_PATH}/Podfile.lock\" \"${PODS_ROOT}/Manifest.lock\" > /dev/null\nif [ $? != 0 ] ; then\n    # print error to STDERR\n    echo \"error: The sandbox is not in sync with the Podfile.lock. Run 'pod install' or update your CocoaPods installation.\" >&2\n    exit 1\nfi\n# This output is used by Xcode 'outputs' to avoid re-running this script phase.\necho \"SUCCESS\" > \"${SCRIPT_OUTPUT_FILE_0}\"\n";
			showEnvVarsInLog = 0;
		};
/* End PBXShellScriptBuildPhase section */

/* Begin PBXSourcesBuildPhase section */
		9E6FCD352119AACB0059DDE0 /* Sources */ = {
			isa = PBXSourcesBuildPhase;
			buildActionMask = 2147483647;
			files = (
				84013E50211B423900DB6F45 /* MatchRow.swift in Sources */,
				9EDFA38C211AF5890019E321 /* HTTPDelegate.swift in Sources */,
				84F0E1C7211B60C900485ABE /* ExtensionHelper.swift in Sources */,
				9E6FCD3D2119AACB0059DDE0 /* AppDelegate.swift in Sources */,
				84F16FCD211C8C190027DA75 /* StreamLinksVC.swift in Sources */,
				9EDFA394211B08010019E321 /* FixtureVC.swift in Sources */,
				84013E53211B470C00DB6F45 /* LiveMatchesVC.swift in Sources */,
				9EDFA38A211AF4CF0019E321 /* LiveMatch.swift in Sources */,
				9EDFA382211AA6A00019E321 /* DataManager.swift in Sources */,
				9EDFA390211AF9E60019E321 /* TvFootballVC.swift in Sources */,
			);
			runOnlyForDeploymentPostprocessing = 0;
		};
		9E6FCD492119AACD0059DDE0 /* Sources */ = {
			isa = PBXSourcesBuildPhase;
			buildActionMask = 2147483647;
			files = (
				9E6FCD522119AACD0059DDE0 /* TvFootballTests.swift in Sources */,
			);
			runOnlyForDeploymentPostprocessing = 0;
		};
		9E6FCD542119AACD0059DDE0 /* Sources */ = {
			isa = PBXSourcesBuildPhase;
			buildActionMask = 2147483647;
			files = (
				9E6FCD5D2119AACD0059DDE0 /* TvFootballUITests.swift in Sources */,
			);
			runOnlyForDeploymentPostprocessing = 0;
		};
/* End PBXSourcesBuildPhase section */

/* Begin PBXTargetDependency section */
		9E6FCD4F2119AACD0059DDE0 /* PBXTargetDependency */ = {
			isa = PBXTargetDependency;
			target = 9E6FCD382119AACB0059DDE0 /* TvFootball */;
			targetProxy = 9E6FCD4E2119AACD0059DDE0 /* PBXContainerItemProxy */;
		};
		9E6FCD5A2119AACD0059DDE0 /* PBXTargetDependency */ = {
			isa = PBXTargetDependency;
			target = 9E6FCD382119AACB0059DDE0 /* TvFootball */;
			targetProxy = 9E6FCD592119AACD0059DDE0 /* PBXContainerItemProxy */;
		};
/* End PBXTargetDependency section */

/* Begin PBXVariantGroup section */
		9EDFA383211ACBBF0019E321 /* LaunchScreen.storyboard */ = {
			isa = PBXVariantGroup;
			children = (
				9EDFA384211ACBBF0019E321 /* Base */,
			);
			name = LaunchScreen.storyboard;
			sourceTree = "<group>";
		};
		9EDFA385211ACBBF0019E321 /* Main.storyboard */ = {
			isa = PBXVariantGroup;
			children = (
				9EDFA386211ACBBF0019E321 /* Base */,
			);
			name = Main.storyboard;
			sourceTree = "<group>";
		};
/* End PBXVariantGroup section */

/* Begin XCBuildConfiguration section */
		9E6FCD5F2119AACD0059DDE0 /* Debug */ = {
			isa = XCBuildConfiguration;
			buildSettings = {
				ALWAYS_SEARCH_USER_PATHS = NO;
				CLANG_ANALYZER_NONNULL = YES;
				CLANG_ANALYZER_NUMBER_OBJECT_CONVERSION = YES_AGGRESSIVE;
				CLANG_CXX_LANGUAGE_STANDARD = "gnu++14";
				CLANG_CXX_LIBRARY = "libc++";
				CLANG_ENABLE_MODULES = YES;
				CLANG_ENABLE_OBJC_ARC = YES;
				CLANG_ENABLE_OBJC_WEAK = YES;
				CLANG_WARN_BLOCK_CAPTURE_AUTORELEASING = YES;
				CLANG_WARN_BOOL_CONVERSION = YES;
				CLANG_WARN_COMMA = YES;
				CLANG_WARN_CONSTANT_CONVERSION = YES;
				CLANG_WARN_DEPRECATED_OBJC_IMPLEMENTATIONS = YES;
				CLANG_WARN_DIRECT_OBJC_ISA_USAGE = YES_ERROR;
				CLANG_WARN_DOCUMENTATION_COMMENTS = YES;
				CLANG_WARN_EMPTY_BODY = YES;
				CLANG_WARN_ENUM_CONVERSION = YES;
				CLANG_WARN_INFINITE_RECURSION = YES;
				CLANG_WARN_INT_CONVERSION = YES;
				CLANG_WARN_NON_LITERAL_NULL_CONVERSION = YES;
				CLANG_WARN_OBJC_IMPLICIT_RETAIN_SELF = YES;
				CLANG_WARN_OBJC_LITERAL_CONVERSION = YES;
				CLANG_WARN_OBJC_ROOT_CLASS = YES_ERROR;
				CLANG_WARN_RANGE_LOOP_ANALYSIS = YES;
				CLANG_WARN_STRICT_PROTOTYPES = YES;
				CLANG_WARN_SUSPICIOUS_MOVE = YES;
				CLANG_WARN_UNGUARDED_AVAILABILITY = YES_AGGRESSIVE;
				CLANG_WARN_UNREACHABLE_CODE = YES;
				CLANG_WARN__DUPLICATE_METHOD_MATCH = YES;
				CODE_SIGN_IDENTITY = "iPhone Developer";
				COPY_PHASE_STRIP = NO;
				DEBUG_INFORMATION_FORMAT = dwarf;
				ENABLE_STRICT_OBJC_MSGSEND = YES;
				ENABLE_TESTABILITY = YES;
				GCC_C_LANGUAGE_STANDARD = gnu11;
				GCC_DYNAMIC_NO_PIC = NO;
				GCC_NO_COMMON_BLOCKS = YES;
				GCC_OPTIMIZATION_LEVEL = 0;
				GCC_PREPROCESSOR_DEFINITIONS = (
					"DEBUG=1",
					"$(inherited)",
				);
				GCC_WARN_64_TO_32_BIT_CONVERSION = YES;
				GCC_WARN_ABOUT_RETURN_TYPE = YES_ERROR;
				GCC_WARN_UNDECLARED_SELECTOR = YES;
				GCC_WARN_UNINITIALIZED_AUTOS = YES_AGGRESSIVE;
				GCC_WARN_UNUSED_FUNCTION = YES;
				GCC_WARN_UNUSED_VARIABLE = YES;
				IPHONEOS_DEPLOYMENT_TARGET = 11.4;
				MTL_ENABLE_DEBUG_INFO = YES;
				ONLY_ACTIVE_ARCH = YES;
				SDKROOT = iphoneos;
				SWIFT_ACTIVE_COMPILATION_CONDITIONS = DEBUG;
				SWIFT_OPTIMIZATION_LEVEL = "-Onone";
			};
			name = Debug;
		};
		9E6FCD602119AACD0059DDE0 /* Release */ = {
			isa = XCBuildConfiguration;
			buildSettings = {
				ALWAYS_SEARCH_USER_PATHS = NO;
				CLANG_ANALYZER_NONNULL = YES;
				CLANG_ANALYZER_NUMBER_OBJECT_CONVERSION = YES_AGGRESSIVE;
				CLANG_CXX_LANGUAGE_STANDARD = "gnu++14";
				CLANG_CXX_LIBRARY = "libc++";
				CLANG_ENABLE_MODULES = YES;
				CLANG_ENABLE_OBJC_ARC = YES;
				CLANG_ENABLE_OBJC_WEAK = YES;
				CLANG_WARN_BLOCK_CAPTURE_AUTORELEASING = YES;
				CLANG_WARN_BOOL_CONVERSION = YES;
				CLANG_WARN_COMMA = YES;
				CLANG_WARN_CONSTANT_CONVERSION = YES;
				CLANG_WARN_DEPRECATED_OBJC_IMPLEMENTATIONS = YES;
				CLANG_WARN_DIRECT_OBJC_ISA_USAGE = YES_ERROR;
				CLANG_WARN_DOCUMENTATION_COMMENTS = YES;
				CLANG_WARN_EMPTY_BODY = YES;
				CLANG_WARN_ENUM_CONVERSION = YES;
				CLANG_WARN_INFINITE_RECURSION = YES;
				CLANG_WARN_INT_CONVERSION = YES;
				CLANG_WARN_NON_LITERAL_NULL_CONVERSION = YES;
				CLANG_WARN_OBJC_IMPLICIT_RETAIN_SELF = YES;
				CLANG_WARN_OBJC_LITERAL_CONVERSION = YES;
				CLANG_WARN_OBJC_ROOT_CLASS = YES_ERROR;
				CLANG_WARN_RANGE_LOOP_ANALYSIS = YES;
				CLANG_WARN_STRICT_PROTOTYPES = YES;
				CLANG_WARN_SUSPICIOUS_MOVE = YES;
				CLANG_WARN_UNGUARDED_AVAILABILITY = YES_AGGRESSIVE;
				CLANG_WARN_UNREACHABLE_CODE = YES;
				CLANG_WARN__DUPLICATE_METHOD_MATCH = YES;
				CODE_SIGN_IDENTITY = "iPhone Developer";
				COPY_PHASE_STRIP = NO;
				DEBUG_INFORMATION_FORMAT = "dwarf-with-dsym";
				ENABLE_NS_ASSERTIONS = NO;
				ENABLE_STRICT_OBJC_MSGSEND = YES;
				GCC_C_LANGUAGE_STANDARD = gnu11;
				GCC_NO_COMMON_BLOCKS = YES;
				GCC_WARN_64_TO_32_BIT_CONVERSION = YES;
				GCC_WARN_ABOUT_RETURN_TYPE = YES_ERROR;
				GCC_WARN_UNDECLARED_SELECTOR = YES;
				GCC_WARN_UNINITIALIZED_AUTOS = YES_AGGRESSIVE;
				GCC_WARN_UNUSED_FUNCTION = YES;
				GCC_WARN_UNUSED_VARIABLE = YES;
				IPHONEOS_DEPLOYMENT_TARGET = 11.4;
				MTL_ENABLE_DEBUG_INFO = NO;
				SDKROOT = iphoneos;
				SWIFT_COMPILATION_MODE = wholemodule;
				SWIFT_OPTIMIZATION_LEVEL = "-O";
				VALIDATE_PRODUCT = YES;
			};
			name = Release;
		};
		9E6FCD622119AACD0059DDE0 /* Debug */ = {
			isa = XCBuildConfiguration;
			baseConfigurationReference = F1BC835DECC456B78614AA12 /* Pods-TvFootball.debug.xcconfig */;
			buildSettings = {
				ASSETCATALOG_COMPILER_APPICON_NAME = AppIcon;
				CODE_SIGN_STYLE = Automatic;
				DEVELOPMENT_TEAM = EXR8AK87DX;
				INFOPLIST_FILE = TvFootball/Info.plist;
				LD_RUNPATH_SEARCH_PATHS = (
					"$(inherited)",
					"@executable_path/Frameworks",
				);
				LIBRARY_SEARCH_PATHS = "$(inherited)";
				OTHER_LDFLAGS = "$(inherited)";
				OTHER_SWIFT_FLAGS = "$(inherited)";
				PRODUCT_BUNDLE_IDENTIFIER = com.anlt.TvFootball;
				PRODUCT_NAME = "$(TARGET_NAME)";
				SWIFT_VERSION = 4.0;
				TARGETED_DEVICE_FAMILY = "1,2";
			};
			name = Debug;
		};
		9E6FCD632119AACD0059DDE0 /* Release */ = {
			isa = XCBuildConfiguration;
			baseConfigurationReference = 7A1D574ED345E218BEF7D249 /* Pods-TvFootball.release.xcconfig */;
			buildSettings = {
				ASSETCATALOG_COMPILER_APPICON_NAME = AppIcon;
				CODE_SIGN_STYLE = Automatic;
				DEVELOPMENT_TEAM = EXR8AK87DX;
				INFOPLIST_FILE = TvFootball/Info.plist;
				LD_RUNPATH_SEARCH_PATHS = (
					"$(inherited)",
					"@executable_path/Frameworks",
				);
				LIBRARY_SEARCH_PATHS = "$(inherited)";
				OTHER_LDFLAGS = "$(inherited)";
				OTHER_SWIFT_FLAGS = "$(inherited)";
				PRODUCT_BUNDLE_IDENTIFIER = com.anlt.TvFootball;
				PRODUCT_NAME = "$(TARGET_NAME)";
				SWIFT_VERSION = 4.0;
				TARGETED_DEVICE_FAMILY = "1,2";
			};
			name = Release;
		};
		9E6FCD652119AACD0059DDE0 /* Debug */ = {
			isa = XCBuildConfiguration;
			baseConfigurationReference = 64F6E99BB15C56752C14A34C /* Pods-TvFootballTests.debug.xcconfig */;
			buildSettings = {
				ALWAYS_EMBED_SWIFT_STANDARD_LIBRARIES = YES;
				BUNDLE_LOADER = "$(TEST_HOST)";
				CODE_SIGN_STYLE = Automatic;
				DEVELOPMENT_TEAM = EXR8AK87DX;
				INFOPLIST_FILE = TvFootballTests/Info.plist;
				LD_RUNPATH_SEARCH_PATHS = (
					"$(inherited)",
					"@executable_path/Frameworks",
					"@loader_path/Frameworks",
				);
				PRODUCT_BUNDLE_IDENTIFIER = com.anlt.TvFootballTests;
				PRODUCT_NAME = "$(TARGET_NAME)";
				SWIFT_VERSION = 4.0;
				TARGETED_DEVICE_FAMILY = "1,2";
				TEST_HOST = "$(BUILT_PRODUCTS_DIR)/TvFootball.app/TvFootball";
			};
			name = Debug;
		};
		9E6FCD662119AACD0059DDE0 /* Release */ = {
			isa = XCBuildConfiguration;
			baseConfigurationReference = 2004F18276C56265B02A38A9 /* Pods-TvFootballTests.release.xcconfig */;
			buildSettings = {
				ALWAYS_EMBED_SWIFT_STANDARD_LIBRARIES = YES;
				BUNDLE_LOADER = "$(TEST_HOST)";
				CODE_SIGN_STYLE = Automatic;
				DEVELOPMENT_TEAM = EXR8AK87DX;
				INFOPLIST_FILE = TvFootballTests/Info.plist;
				LD_RUNPATH_SEARCH_PATHS = (
					"$(inherited)",
					"@executable_path/Frameworks",
					"@loader_path/Frameworks",
				);
				PRODUCT_BUNDLE_IDENTIFIER = com.anlt.TvFootballTests;
				PRODUCT_NAME = "$(TARGET_NAME)";
				SWIFT_VERSION = 4.0;
				TARGETED_DEVICE_FAMILY = "1,2";
				TEST_HOST = "$(BUILT_PRODUCTS_DIR)/TvFootball.app/TvFootball";
			};
			name = Release;
		};
		9E6FCD682119AACD0059DDE0 /* Debug */ = {
			isa = XCBuildConfiguration;
			baseConfigurationReference = 15A5B226219DA4F8EA0803E5 /* Pods-TvFootballUITests.debug.xcconfig */;
			buildSettings = {
				ALWAYS_EMBED_SWIFT_STANDARD_LIBRARIES = YES;
				CODE_SIGN_STYLE = Automatic;
				DEVELOPMENT_TEAM = EXR8AK87DX;
				INFOPLIST_FILE = TvFootballUITests/Info.plist;
				LD_RUNPATH_SEARCH_PATHS = (
					"$(inherited)",
					"@executable_path/Frameworks",
					"@loader_path/Frameworks",
				);
				PRODUCT_BUNDLE_IDENTIFIER = com.anlt.TvFootballUITests;
				PRODUCT_NAME = "$(TARGET_NAME)";
				SWIFT_VERSION = 4.0;
				TARGETED_DEVICE_FAMILY = "1,2";
				TEST_TARGET_NAME = TvFootball;
			};
			name = Debug;
		};
		9E6FCD692119AACD0059DDE0 /* Release */ = {
			isa = XCBuildConfiguration;
			baseConfigurationReference = 591042D06ED4FF8D3701F437 /* Pods-TvFootballUITests.release.xcconfig */;
			buildSettings = {
				ALWAYS_EMBED_SWIFT_STANDARD_LIBRARIES = YES;
				CODE_SIGN_STYLE = Automatic;
				DEVELOPMENT_TEAM = EXR8AK87DX;
				INFOPLIST_FILE = TvFootballUITests/Info.plist;
				LD_RUNPATH_SEARCH_PATHS = (
					"$(inherited)",
					"@executable_path/Frameworks",
					"@loader_path/Frameworks",
				);
				PRODUCT_BUNDLE_IDENTIFIER = com.anlt.TvFootballUITests;
				PRODUCT_NAME = "$(TARGET_NAME)";
				SWIFT_VERSION = 4.0;
				TARGETED_DEVICE_FAMILY = "1,2";
				TEST_TARGET_NAME = TvFootball;
			};
			name = Release;
		};
/* End XCBuildConfiguration section */

/* Begin XCConfigurationList section */
		9E6FCD342119AACB0059DDE0 /* Build configuration list for PBXProject "TvFootball" */ = {
			isa = XCConfigurationList;
			buildConfigurations = (
				9E6FCD5F2119AACD0059DDE0 /* Debug */,
				9E6FCD602119AACD0059DDE0 /* Release */,
			);
			defaultConfigurationIsVisible = 0;
			defaultConfigurationName = Release;
		};
		9E6FCD612119AACD0059DDE0 /* Build configuration list for PBXNativeTarget "TvFootball" */ = {
			isa = XCConfigurationList;
			buildConfigurations = (
				9E6FCD622119AACD0059DDE0 /* Debug */,
				9E6FCD632119AACD0059DDE0 /* Release */,
			);
			defaultConfigurationIsVisible = 0;
			defaultConfigurationName = Release;
		};
		9E6FCD642119AACD0059DDE0 /* Build configuration list for PBXNativeTarget "TvFootballTests" */ = {
			isa = XCConfigurationList;
			buildConfigurations = (
				9E6FCD652119AACD0059DDE0 /* Debug */,
				9E6FCD662119AACD0059DDE0 /* Release */,
			);
			defaultConfigurationIsVisible = 0;
			defaultConfigurationName = Release;
		};
		9E6FCD672119AACD0059DDE0 /* Build configuration list for PBXNativeTarget "TvFootballUITests" */ = {
			isa = XCConfigurationList;
			buildConfigurations = (
				9E6FCD682119AACD0059DDE0 /* Debug */,
				9E6FCD692119AACD0059DDE0 /* Release */,
			);
			defaultConfigurationIsVisible = 0;
			defaultConfigurationName = Release;
		};
/* End XCConfigurationList section */
	};
	rootObject = 9E6FCD312119AACB0059DDE0 /* Project object */;
}
